
Microsoft Visual Studio Solution File, Format Version 12.00
# Visual Studio Version 16
VisualStudioVersion = 16.0.31729.503
MinimumVisualStudioVersion = 10.0.40219.1
Project("{FAE04EC0-301F-11D3-BF4B-00C04F79EFBC}") = "ChallengeThree.UI", "ChallengeThree.UI\ChallengeThree.UI.csproj", "{8AA57C86-7FCD-4299-BC27-BE8F3FEBE4AF}"
EndProject
Project("{FAE04EC0-301F-11D3-BF4B-00C04F79EFBC}") = "ChallengeThree.Lib", "ChallengeThree.Lib\ChallengeThree.Lib.csproj", "{1278027E-EF25-45CB-AF92-4B51BC54E791}"
EndProject
Project("{FAE04EC0-301F-11D3-BF4B-00C04F79EFBC}") = "ChallengeThree.Tests", "ChallengeThree.Tests\ChallengeThree.Tests.csproj", "{7A66EAEF-E89C-428F-9383-5FD2268997B4}"
EndProject
Global
	GlobalSection(SolutionConfigurationPlatforms) = preSolution
		Debug|Any CPU = Debug|Any CPU
		Release|Any CPU = Release|Any CPU
	EndGlobalSection
	GlobalSection(ProjectConfigurationPlatforms) = postSolution
		{8AA57C86-7FCD-4299-BC27-BE8F3FEBE4AF}.Debug|Any CPU.ActiveCfg = Debug|Any CPU
		{8AA57C86-7FCD-4299-BC27-BE8F3FEBE4AF}.Debug|Any CPU.Build.0 = Debug|Any CPU
		{8AA57C86-7FCD-4299-BC27-BE8F3FEBE4AF}.Release|Any CPU.ActiveCfg = Release|Any CPU
		{8AA57C86-7FCD-4299-BC27-BE8F3FEBE4AF}.Release|Any CPU.Build.0 = Release|Any CPU
		{1278027E-EF25-45CB-AF92-4B51BC54E791}.Debug|Any CPU.ActiveCfg = Debug|Any CPU
		{1278027E-EF25-45CB-AF92-4B51BC54E791}.Debug|Any CPU.Build.0 = Debug|Any CPU
		{1278027E-EF25-45CB-AF92-4B51BC54E791}.Release|Any CPU.ActiveCfg = Release|Any CPU
		{1278027E-EF25-45CB-AF92-4B51BC54E791}.Release|Any CPU.Build.0 = Release|Any CPU
		{7A66EAEF-E89C-428F-9383-5FD2268997B4}.Debug|Any CPU.ActiveCfg = Debug|Any CPU
		{7A66EAEF-E89C-428F-9383-5FD2268997B4}.Debug|Any CPU.Build.0 = Debug|Any CPU
		{7A66EAEF-E89C-428F-9383-5FD2268997B4}.Release|Any CPU.ActiveCfg = Release|Any CPU
		{7A66EAEF-E89C-428F-9383-5FD2268997B4}.Release|Any CPU.Build.0 = Release|Any CPU
	EndGlobalSection
	GlobalSection(SolutionProperties) = preSolution
		HideSolutionNode = FALSE
	EndGlobalSection
	GlobalSection(ExtensibilityGlobals) = postSolution
		SolutionGuid = {E902F78C-3880-431E-97D7-4E3A50FAB3CA}
	EndGlobalSection
EndGlobal
